
Microsoft Visual Studio Solution File, Format Version 12.00
# Visual Studio 15
Project("{FAE04EC0-301F-11D3-BF4B-00C04F79EFBC}") = "Assembly-CSharp", "Assembly-CSharp.csproj", "{C9A2B9DB-644C-90E2-A605-DCAC140A0155}"
EndProject
Project("{FAE04EC0-301F-11D3-BF4B-00C04F79EFBC}") = "VuforiaScripts", "VuforiaScripts.csproj", "{70D340C8-06A7-9EFE-DDF7-924EBE394FBF}"
EndProject
Project("{FAE04EC0-301F-11D3-BF4B-00C04F79EFBC}") = "Assembly-CSharp-Editor", "Assembly-CSharp-Editor.csproj", "{BDDBC489-CBBB-F501-1F22-1C3E79768164}"
EndProject
Project("{FAE04EC0-301F-11D3-BF4B-00C04F79EFBC}") = "VuforiaEditorScripts", "VuforiaEditorScripts.csproj", "{DDBA80B5-393C-4F44-E164-96C62D3321BE}"
EndProject
Global
	GlobalSection(SolutionConfigurationPlatforms) = preSolution
		Debug|Any CPU = Debug|Any CPU
		Release|Any CPU = Release|Any CPU
	EndGlobalSection
	GlobalSection(ProjectConfigurationPlatforms) = postSolution
		{C9A2B9DB-644C-90E2-A605-DCAC140A0155}.Debug|Any CPU.ActiveCfg = Debug|Any CPU
		{C9A2B9DB-644C-90E2-A605-DCAC140A0155}.Debug|Any CPU.Build.0 = Debug|Any CPU
		{C9A2B9DB-644C-90E2-A605-DCAC140A0155}.Release|Any CPU.ActiveCfg = Release|Any CPU
		{C9A2B9DB-644C-90E2-A605-DCAC140A0155}.Release|Any CPU.Build.0 = Release|Any CPU
		{70D340C8-06A7-9EFE-DDF7-924EBE394FBF}.Debug|Any CPU.ActiveCfg = Debug|Any CPU
		{70D340C8-06A7-9EFE-DDF7-924EBE394FBF}.Debug|Any CPU.Build.0 = Debug|Any CPU
		{70D340C8-06A7-9EFE-DDF7-924EBE394FBF}.Release|Any CPU.ActiveCfg = Release|Any CPU
		{70D340C8-06A7-9EFE-DDF7-924EBE394FBF}.Release|Any CPU.Build.0 = Release|Any CPU
		{BDDBC489-CBBB-F501-1F22-1C3E79768164}.Debug|Any CPU.ActiveCfg = Debug|Any CPU
		{BDDBC489-CBBB-F501-1F22-1C3E79768164}.Debug|Any CPU.Build.0 = Debug|Any CPU
		{BDDBC489-CBBB-F501-1F22-1C3E79768164}.Release|Any CPU.ActiveCfg = Release|Any CPU
		{BDDBC489-CBBB-F501-1F22-1C3E79768164}.Release|Any CPU.Build.0 = Release|Any CPU
		{DDBA80B5-393C-4F44-E164-96C62D3321BE}.Debug|Any CPU.ActiveCfg = Debug|Any CPU
		{DDBA80B5-393C-4F44-E164-96C62D3321BE}.Debug|Any CPU.Build.0 = Debug|Any CPU
		{DDBA80B5-393C-4F44-E164-96C62D3321BE}.Release|Any CPU.ActiveCfg = Release|Any CPU
		{DDBA80B5-393C-4F44-E164-96C62D3321BE}.Release|Any CPU.Build.0 = Release|Any CPU
	EndGlobalSection
	GlobalSection(SolutionProperties) = preSolution
		HideSolutionNode = FALSE
	EndGlobalSection
EndGlobal
